
Microsoft Visual Studio Solution File, Format Version 12.00
# Visual Studio Version 16
VisualStudioVersion = 16.0.31112.23
MinimumVisualStudioVersion = 10.0.40219.1
Project("{FAE04EC0-301F-11D3-BF4B-00C04F79EFBC}") = "game2048", "login\game2048.csproj", "{A2242F52-52B9-4CDB-95C9-33211BF15C1F}"
EndProject
Global
	GlobalSection(SolutionConfigurationPlatforms) = preSolution
		Debug|Any CPU = Debug|Any CPU
		Release|Any CPU = Release|Any CPU
	EndGlobalSection
	GlobalSection(ProjectConfigurationPlatforms) = postSolution
		{A2242F52-52B9-4CDB-95C9-33211BF15C1F}.Debug|Any CPU.ActiveCfg = Debug|Any CPU
		{A2242F52-52B9-4CDB-95C9-33211BF15C1F}.Debug|Any CPU.Build.0 = Debug|Any CPU
		{A2242F52-52B9-4CDB-95C9-33211BF15C1F}.Release|Any CPU.ActiveCfg = Release|Any CPU
		{A2242F52-52B9-4CDB-95C9-33211BF15C1F}.Release|Any CPU.Build.0 = Release|Any CPU
	EndGlobalSection
	GlobalSection(SolutionProperties) = preSolution
		HideSolutionNode = FALSE
	EndGlobalSection
	GlobalSection(ExtensibilityGlobals) = postSolution
		SolutionGuid = {8A937CBA-4C85-419B-8804-8772E3078FD5}
	EndGlobalSection
EndGlobal
